// !$*UTF8*$!
{
	archiveVersion = 1;
	classes = {
	};
	objectVersion = 46;
	objects = {

/* Begin PBXBuildFile section */
		5234C50B1DD305CE006D1E0F /* EpisodeHeaderTableViewCell.swift in Sources */ = {isa = PBXBuildFile; fileRef = 5234C5091DD305CE006D1E0F /* EpisodeHeaderTableViewCell.swift */; };
		5234C50C1DD305CE006D1E0F /* EpisodeHeaderTableViewCell.xib in Resources */ = {isa = PBXBuildFile; fileRef = 5234C50A1DD305CE006D1E0F /* EpisodeHeaderTableViewCell.xib */; };
		5246CF091D84A6FF00ABF027 /* DownloadTests.swift in Sources */ = {isa = PBXBuildFile; fileRef = 5246CF081D84A6FF00ABF027 /* DownloadTests.swift */; };
		526AF93C1DD45C5D006EDC9D /* PodcastViewCollectionViewCell.swift in Sources */ = {isa = PBXBuildFile; fileRef = 526AF93A1DD45C5D006EDC9D /* PodcastViewCollectionViewCell.swift */; };
		526AF93D1DD45C5D006EDC9D /* PodcastViewCollectionViewCell.xib in Resources */ = {isa = PBXBuildFile; fileRef = 526AF93B1DD45C5D006EDC9D /* PodcastViewCollectionViewCell.xib */; };
		526AF9401DD65B9A006EDC9D /* PodcastsTitleCollectionViewCell.swift in Sources */ = {isa = PBXBuildFile; fileRef = 526AF93E1DD65B9A006EDC9D /* PodcastsTitleCollectionViewCell.swift */; };
		526AF9411DD65B9A006EDC9D /* PodcastsTitleCollectionViewCell.xib in Resources */ = {isa = PBXBuildFile; fileRef = 526AF93F1DD65B9A006EDC9D /* PodcastsTitleCollectionViewCell.xib */; };
		527876271DB2DC790001EDFB /* PlayerUITests.swift in Sources */ = {isa = PBXBuildFile; fileRef = 527876261DB2DC790001EDFB /* PlayerUITests.swift */; };
		84C603201D972E5A009C73A7 /* EpisodeViewTableViewCell.xib in Resources */ = {isa = PBXBuildFile; fileRef = 84C6031F1D972E5A009C73A7 /* EpisodeViewTableViewCell.xib */; };
		84C603221D972E9E009C73A7 /* EpisodeViewTableViewCell.swift in Sources */ = {isa = PBXBuildFile; fileRef = 84C603211D972E9E009C73A7 /* EpisodeViewTableViewCell.swift */; };
		84C603241D9735F1009C73A7 /* EpisodeViewUITest.swift in Sources */ = {isa = PBXBuildFile; fileRef = 84C603231D9735F1009C73A7 /* EpisodeViewUITest.swift */; };
		A797FF0C1D8DF42000D649EC /* PodcastViewTableViewCell.swift in Sources */ = {isa = PBXBuildFile; fileRef = A797FF0A1D8DF42000D649EC /* PodcastViewTableViewCell.swift */; };
		A797FF0D1D8DF42000D649EC /* PodcastViewTableViewCell.xib in Resources */ = {isa = PBXBuildFile; fileRef = A797FF0B1D8DF42000D649EC /* PodcastViewTableViewCell.xib */; };
		C80DA31D1D77E1AA0089A678 /* PodcastView.xib in Resources */ = {isa = PBXBuildFile; fileRef = C80DA31C1D77E1AA0089A678 /* PodcastView.xib */; };
		C80DA31F1D77E1C10089A678 /* PodcastView.swift in Sources */ = {isa = PBXBuildFile; fileRef = C80DA31E1D77E1C10089A678 /* PodcastView.swift */; };
		C80DA3211D77E3300089A678 /* PodcastViewDelegate.swift in Sources */ = {isa = PBXBuildFile; fileRef = C80DA3201D77E3300089A678 /* PodcastViewDelegate.swift */; };
		C80DA3231D77E69E0089A678 /* EpisodeController.swift in Sources */ = {isa = PBXBuildFile; fileRef = C80DA3221D77E69E0089A678 /* EpisodeController.swift */; };
		C80DA3271D77E70B0089A678 /* EpisodeView.xib in Resources */ = {isa = PBXBuildFile; fileRef = C80DA3261D77E70B0089A678 /* EpisodeView.xib */; };
		C80DA3291D77E7240089A678 /* EpisodeView.swift in Sources */ = {isa = PBXBuildFile; fileRef = C80DA3281D77E7240089A678 /* EpisodeView.swift */; };
		C80DA32B1D77E7AE0089A678 /* EpisodeViewDelegate.swift in Sources */ = {isa = PBXBuildFile; fileRef = C80DA32A1D77E7AE0089A678 /* EpisodeViewDelegate.swift */; };
		C80DA32E1D77E86C0089A678 /* PlayerViewDelegate.swift in Sources */ = {isa = PBXBuildFile; fileRef = C80DA32D1D77E86C0089A678 /* PlayerViewDelegate.swift */; };
		C80DA3301D77E88E0089A678 /* PlayerView.swift in Sources */ = {isa = PBXBuildFile; fileRef = C80DA32F1D77E88E0089A678 /* PlayerView.swift */; };
		C80DA3321D77E8E90089A678 /* PlayerView.xib in Resources */ = {isa = PBXBuildFile; fileRef = C80DA3311D77E8E90089A678 /* PlayerView.xib */; };
		C80DA3341D77E9280089A678 /* PlayerController.swift in Sources */ = {isa = PBXBuildFile; fileRef = C80DA3331D77E9280089A678 /* PlayerController.swift */; };
		C80FAE6F1D72376600C806C1 /* AppDelegate.swift in Sources */ = {isa = PBXBuildFile; fileRef = C80FAE6E1D72376600C806C1 /* AppDelegate.swift */; };
		C80FAE711D72376600C806C1 /* PodcastController.swift in Sources */ = {isa = PBXBuildFile; fileRef = C80FAE701D72376600C806C1 /* PodcastController.swift */; };
		C80FAE741D72376600C806C1 /* Main.storyboard in Resources */ = {isa = PBXBuildFile; fileRef = C80FAE721D72376600C806C1 /* Main.storyboard */; };
		C80FAE771D72376600C806C1 /* RocketCast.xcdatamodeld in Sources */ = {isa = PBXBuildFile; fileRef = C80FAE751D72376600C806C1 /* RocketCast.xcdatamodeld */; };
		C80FAE791D72376600C806C1 /* Assets.xcassets in Resources */ = {isa = PBXBuildFile; fileRef = C80FAE781D72376600C806C1 /* Assets.xcassets */; };
		C80FAE7C1D72376600C806C1 /* LaunchScreen.storyboard in Resources */ = {isa = PBXBuildFile; fileRef = C80FAE7A1D72376600C806C1 /* LaunchScreen.storyboard */; };
		C80FAE871D72376700C806C1 /* RocketCastTests.swift in Sources */ = {isa = PBXBuildFile; fileRef = C80FAE861D72376700C806C1 /* RocketCastTests.swift */; };
		C80FAE921D72376700C806C1 /* RocketCastUITests.swift in Sources */ = {isa = PBXBuildFile; fileRef = C80FAE911D72376700C806C1 /* RocketCastUITests.swift */; };
		C8D601A51D79380B003512FE /* CoreDataXMLParser.swift in Sources */ = {isa = PBXBuildFile; fileRef = C8D601A41D79380B003512FE /* CoreDataXMLParser.swift */; };
		C8D601A71D793E05003512FE /* Log.swift in Sources */ = {isa = PBXBuildFile; fileRef = C8D601A61D793E05003512FE /* Log.swift */; };
		D0075F561D93815A00DBAF58 /* Podcast+CoreDataProperties.swift in Sources */ = {isa = PBXBuildFile; fileRef = D0075F521D93815A00DBAF58 /* Podcast+CoreDataProperties.swift */; };
		D0075F571D93815A00DBAF58 /* Podcast.swift in Sources */ = {isa = PBXBuildFile; fileRef = D0075F531D93815A00DBAF58 /* Podcast.swift */; };
		D0075F581D93815A00DBAF58 /* Episode+CoreDataProperties.swift in Sources */ = {isa = PBXBuildFile; fileRef = D0075F541D93815A00DBAF58 /* Episode+CoreDataProperties.swift */; };
		D0075F591D93815A00DBAF58 /* Episode.swift in Sources */ = {isa = PBXBuildFile; fileRef = D0075F551D93815A00DBAF58 /* Episode.swift */; };
		D0075F5B1D938F2400DBAF58 /* DatabaseUtil.swift in Sources */ = {isa = PBXBuildFile; fileRef = D0075F5A1D938F2400DBAF58 /* DatabaseUtil.swift */; };
		D0075F5F1D96F4E300DBAF58 /* CoreDataXMLParserTest.swift in Sources */ = {isa = PBXBuildFile; fileRef = D0075F5E1D96F4E300DBAF58 /* CoreDataXMLParserTest.swift */; };
		D007E3F61D8DDEE600070123 /* DefaultLibraryExtensions.swift in Sources */ = {isa = PBXBuildFile; fileRef = D007E3F51D8DDEE600070123 /* DefaultLibraryExtensions.swift */; };
		D00D44841DD5672000D2CD9B /* ItuneWebController.swift in Sources */ = {isa = PBXBuildFile; fileRef = D00D44831DD5672000D2CD9B /* ItuneWebController.swift */; };
		D00D44871DD5675100D2CD9B /* ItuneWebView.swift in Sources */ = {isa = PBXBuildFile; fileRef = D00D44861DD5675100D2CD9B /* ItuneWebView.swift */; };
		D00D44891DD567AE00D2CD9B /* ItuneWebView.xib in Resources */ = {isa = PBXBuildFile; fileRef = D00D44881DD567AE00D2CD9B /* ItuneWebView.xib */; };
		D00D448B1DD567C800D2CD9B /* ItuneWebDelegate.swift in Sources */ = {isa = PBXBuildFile; fileRef = D00D448A1DD567C800D2CD9B /* ItuneWebDelegate.swift */; };
		D00D448D1DD567D900D2CD9B /* ItuneWebTableViewCell.swift in Sources */ = {isa = PBXBuildFile; fileRef = D00D448C1DD567D900D2CD9B /* ItuneWebTableViewCell.swift */; };
		D00D448F1DD567F500D2CD9B /* ItuneWebTableViewCell.xib in Resources */ = {isa = PBXBuildFile; fileRef = D00D448E1DD567F500D2CD9B /* ItuneWebTableViewCell.xib */; };
		D00D44911DD5B70F00D2CD9B /* PodcastFromAPI.swift in Sources */ = {isa = PBXBuildFile; fileRef = D00D44901DD5B70F00D2CD9B /* PodcastFromAPI.swift */; };
		D03CB6EF1DC8680300819865 /* AudioEpisodeTracker.swift in Sources */ = {isa = PBXBuildFile; fileRef = D03CB6ED1DC8680300819865 /* AudioEpisodeTracker.swift */; };
		D05CC4D21D791D2F009C4B19 /* ModelBridge.swift in Sources */ = {isa = PBXBuildFile; fileRef = D05CC4D11D791D2F009C4B19 /* ModelBridge.swift */; };
		D05CC4D41D791F92009C4B19 /* DownloadBridge.swift in Sources */ = {isa = PBXBuildFile; fileRef = D05CC4D31D791F92009C4B19 /* DownloadBridge.swift */; };
		D08995881DC68FA500917580 /* PodcastViewUITest.swift in Sources */ = {isa = PBXBuildFile; fileRef = D08995871DC68FA500917580 /* PodcastViewUITest.swift */; };
		D089958A1DC6FDEA00917580 /* Constants.swift in Sources */ = {isa = PBXBuildFile; fileRef = D08995891DC6FDEA00917580 /* Constants.swift */; };
		D095AAE71D86784700AD1FD8 /* testPodcastXMLWithNoEpisodes.xml in Resources */ = {isa = PBXBuildFile; fileRef = D095AAE61D86784700AD1FD8 /* testPodcastXMLWithNoEpisodes.xml */; };
		D095AAE81D86797900AD1FD8 /* testPodcastXMLWithNoEpisodes.xml in Resources */ = {isa = PBXBuildFile; fileRef = D095AAE61D86784700AD1FD8 /* testPodcastXMLWithNoEpisodes.xml */; };
		D095AAEC1D867E3900AD1FD8 /* testPodcastNoAuthorsForEpisodes.xml in Resources */ = {isa = PBXBuildFile; fileRef = D095AAEB1D867E3900AD1FD8 /* testPodcastNoAuthorsForEpisodes.xml */; };
		D095AAEE1D878AC700AD1FD8 /* testNormalPodcastXML.swift in Sources */ = {isa = PBXBuildFile; fileRef = D095AAED1D878AC700AD1FD8 /* testNormalPodcastXML.swift */; };
		D095AAF01D8849FB00AD1FD8 /* testPodcastXMLWithNoEpisodes.swift in Sources */ = {isa = PBXBuildFile; fileRef = D095AAEF1D8849FB00AD1FD8 /* testPodcastXMLWithNoEpisodes.swift */; };
		D095AAF21D884C6600AD1FD8 /* testPodcastNoAuthorsForEpisodes.swift in Sources */ = {isa = PBXBuildFile; fileRef = D095AAF11D884C6600AD1FD8 /* testPodcastNoAuthorsForEpisodes.swift */; };
		D095AAF31D884EE600AD1FD8 /* testPodcastNoAuthorsForEpisodes.xml in Resources */ = {isa = PBXBuildFile; fileRef = D095AAEB1D867E3900AD1FD8 /* testPodcastNoAuthorsForEpisodes.xml */; };
		D09AC5A51D77EA9900048C17 /* Constants.swift in Sources */ = {isa = PBXBuildFile; fileRef = D09AC5A41D77EA9900048C17 /* Constants.swift */; };
		D0B6914E1D85D7CC00C3366D /* testNormalPodcastXML.xml in Resources */ = {isa = PBXBuildFile; fileRef = D0B6914D1D85D7CC00C3366D /* testNormalPodcastXML.xml */; };
		D3B50AAD1DC5669D00A67DBA /* AddUrlView.swift in Sources */ = {isa = PBXBuildFile; fileRef = D3B50AAC1DC5669D00A67DBA /* AddUrlView.swift */; };
		D3B50AAF1DC566D200A67DBA /* AddUrlView.xib in Resources */ = {isa = PBXBuildFile; fileRef = D3B50AAE1DC566D200A67DBA /* AddUrlView.xib */; };
		D3B50AB11DC566FB00A67DBA /* AddUrlViewDelegate.swift in Sources */ = {isa = PBXBuildFile; fileRef = D3B50AB01DC566FB00A67DBA /* AddUrlViewDelegate.swift */; };
		D3B50AB31DC5672500A67DBA /* AddUrlController.swift in Sources */ = {isa = PBXBuildFile; fileRef = D3B50AB21DC5672500A67DBA /* AddUrlController.swift */; };
/* End PBXBuildFile section */

/* Begin PBXContainerItemProxy section */
		C80FAE831D72376700C806C1 /* PBXContainerItemProxy */ = {
			isa = PBXContainerItemProxy;
			containerPortal = C80FAE631D72376600C806C1 /* Project object */;
			proxyType = 1;
			remoteGlobalIDString = C80FAE6A1D72376600C806C1;
			remoteInfo = RocketCast;
		};
		C80FAE8E1D72376700C806C1 /* PBXContainerItemProxy */ = {
			isa = PBXContainerItemProxy;
			containerPortal = C80FAE631D72376600C806C1 /* Project object */;
			proxyType = 1;
			remoteGlobalIDString = C80FAE6A1D72376600C806C1;
			remoteInfo = RocketCast;
		};
/* End PBXContainerItemProxy section */

/* Begin PBXFileReference section */
		5234C5091DD305CE006D1E0F /* EpisodeHeaderTableViewCell.swift */ = {isa = PBXFileReference; fileEncoding = 4; lastKnownFileType = sourcecode.swift; path = EpisodeHeaderTableViewCell.swift; sourceTree = "<group>"; };
		5234C50A1DD305CE006D1E0F /* EpisodeHeaderTableViewCell.xib */ = {isa = PBXFileReference; fileEncoding = 4; lastKnownFileType = file.xib; path = EpisodeHeaderTableViewCell.xib; sourceTree = "<group>"; };
		5246CF081D84A6FF00ABF027 /* DownloadTests.swift */ = {isa = PBXFileReference; fileEncoding = 4; lastKnownFileType = sourcecode.swift; path = DownloadTests.swift; sourceTree = "<group>"; };
		526AF93A1DD45C5D006EDC9D /* PodcastViewCollectionViewCell.swift */ = {isa = PBXFileReference; fileEncoding = 4; lastKnownFileType = sourcecode.swift; path = PodcastViewCollectionViewCell.swift; sourceTree = "<group>"; };
		526AF93B1DD45C5D006EDC9D /* PodcastViewCollectionViewCell.xib */ = {isa = PBXFileReference; fileEncoding = 4; lastKnownFileType = file.xib; path = PodcastViewCollectionViewCell.xib; sourceTree = "<group>"; };
		526AF93E1DD65B9A006EDC9D /* PodcastsTitleCollectionViewCell.swift */ = {isa = PBXFileReference; fileEncoding = 4; lastKnownFileType = sourcecode.swift; path = PodcastsTitleCollectionViewCell.swift; sourceTree = "<group>"; };
		526AF93F1DD65B9A006EDC9D /* PodcastsTitleCollectionViewCell.xib */ = {isa = PBXFileReference; fileEncoding = 4; lastKnownFileType = file.xib; path = PodcastsTitleCollectionViewCell.xib; sourceTree = "<group>"; };
		527876261DB2DC790001EDFB /* PlayerUITests.swift */ = {isa = PBXFileReference; fileEncoding = 4; lastKnownFileType = sourcecode.swift; path = PlayerUITests.swift; sourceTree = "<group>"; };
		84C6031F1D972E5A009C73A7 /* EpisodeViewTableViewCell.xib */ = {isa = PBXFileReference; fileEncoding = 4; lastKnownFileType = file.xib; path = EpisodeViewTableViewCell.xib; sourceTree = "<group>"; };
		84C603211D972E9E009C73A7 /* EpisodeViewTableViewCell.swift */ = {isa = PBXFileReference; fileEncoding = 4; lastKnownFileType = sourcecode.swift; path = EpisodeViewTableViewCell.swift; sourceTree = "<group>"; };
		84C603231D9735F1009C73A7 /* EpisodeViewUITest.swift */ = {isa = PBXFileReference; fileEncoding = 4; lastKnownFileType = sourcecode.swift; path = EpisodeViewUITest.swift; sourceTree = "<group>"; };
		A797FF0A1D8DF42000D649EC /* PodcastViewTableViewCell.swift */ = {isa = PBXFileReference; fileEncoding = 4; lastKnownFileType = sourcecode.swift; path = PodcastViewTableViewCell.swift; sourceTree = "<group>"; };
		A797FF0B1D8DF42000D649EC /* PodcastViewTableViewCell.xib */ = {isa = PBXFileReference; fileEncoding = 4; lastKnownFileType = file.xib; path = PodcastViewTableViewCell.xib; sourceTree = "<group>"; };
		C80DA31C1D77E1AA0089A678 /* PodcastView.xib */ = {isa = PBXFileReference; fileEncoding = 4; lastKnownFileType = file.xib; path = PodcastView.xib; sourceTree = "<group>"; };
		C80DA31E1D77E1C10089A678 /* PodcastView.swift */ = {isa = PBXFileReference; fileEncoding = 4; lastKnownFileType = sourcecode.swift; path = PodcastView.swift; sourceTree = "<group>"; };
		C80DA3201D77E3300089A678 /* PodcastViewDelegate.swift */ = {isa = PBXFileReference; fileEncoding = 4; lastKnownFileType = sourcecode.swift; path = PodcastViewDelegate.swift; sourceTree = "<group>"; };
		C80DA3221D77E69E0089A678 /* EpisodeController.swift */ = {isa = PBXFileReference; fileEncoding = 4; lastKnownFileType = sourcecode.swift; path = EpisodeController.swift; sourceTree = "<group>"; };
		C80DA3261D77E70B0089A678 /* EpisodeView.xib */ = {isa = PBXFileReference; fileEncoding = 4; lastKnownFileType = file.xib; path = EpisodeView.xib; sourceTree = "<group>"; };
		C80DA3281D77E7240089A678 /* EpisodeView.swift */ = {isa = PBXFileReference; fileEncoding = 4; lastKnownFileType = sourcecode.swift; path = EpisodeView.swift; sourceTree = "<group>"; };
		C80DA32A1D77E7AE0089A678 /* EpisodeViewDelegate.swift */ = {isa = PBXFileReference; fileEncoding = 4; lastKnownFileType = sourcecode.swift; path = EpisodeViewDelegate.swift; sourceTree = "<group>"; };
		C80DA32D1D77E86C0089A678 /* PlayerViewDelegate.swift */ = {isa = PBXFileReference; fileEncoding = 4; lastKnownFileType = sourcecode.swift; path = PlayerViewDelegate.swift; sourceTree = "<group>"; };
		C80DA32F1D77E88E0089A678 /* PlayerView.swift */ = {isa = PBXFileReference; fileEncoding = 4; lastKnownFileType = sourcecode.swift; path = PlayerView.swift; sourceTree = "<group>"; };
		C80DA3311D77E8E90089A678 /* PlayerView.xib */ = {isa = PBXFileReference; fileEncoding = 4; lastKnownFileType = file.xib; path = PlayerView.xib; sourceTree = "<group>"; };
		C80DA3331D77E9280089A678 /* PlayerController.swift */ = {isa = PBXFileReference; fileEncoding = 4; lastKnownFileType = sourcecode.swift; path = PlayerController.swift; sourceTree = "<group>"; };
		C80FAE6B1D72376600C806C1 /* RocketCast.app */ = {isa = PBXFileReference; explicitFileType = wrapper.application; includeInIndex = 0; path = RocketCast.app; sourceTree = BUILT_PRODUCTS_DIR; };
		C80FAE6E1D72376600C806C1 /* AppDelegate.swift */ = {isa = PBXFileReference; lastKnownFileType = sourcecode.swift; path = AppDelegate.swift; sourceTree = "<group>"; };
		C80FAE701D72376600C806C1 /* PodcastController.swift */ = {isa = PBXFileReference; lastKnownFileType = sourcecode.swift; path = PodcastController.swift; sourceTree = "<group>"; };
		C80FAE731D72376600C806C1 /* Base */ = {isa = PBXFileReference; lastKnownFileType = file.storyboard; name = Base; path = Base.lproj/Main.storyboard; sourceTree = "<group>"; };
		C80FAE761D72376600C806C1 /* RocketCast.xcdatamodel */ = {isa = PBXFileReference; lastKnownFileType = wrapper.xcdatamodel; path = RocketCast.xcdatamodel; sourceTree = "<group>"; };
		C80FAE781D72376600C806C1 /* Assets.xcassets */ = {isa = PBXFileReference; lastKnownFileType = folder.assetcatalog; path = Assets.xcassets; sourceTree = "<group>"; };
		C80FAE7B1D72376600C806C1 /* Base */ = {isa = PBXFileReference; lastKnownFileType = file.storyboard; name = Base; path = Base.lproj/LaunchScreen.storyboard; sourceTree = "<group>"; };
		C80FAE7D1D72376600C806C1 /* Info.plist */ = {isa = PBXFileReference; lastKnownFileType = text.plist.xml; path = Info.plist; sourceTree = "<group>"; };
		C80FAE821D72376600C806C1 /* RocketCastTests.xctest */ = {isa = PBXFileReference; explicitFileType = wrapper.cfbundle; includeInIndex = 0; path = RocketCastTests.xctest; sourceTree = BUILT_PRODUCTS_DIR; };
		C80FAE861D72376700C806C1 /* RocketCastTests.swift */ = {isa = PBXFileReference; lastKnownFileType = sourcecode.swift; path = RocketCastTests.swift; sourceTree = "<group>"; };
		C80FAE881D72376700C806C1 /* Info.plist */ = {isa = PBXFileReference; lastKnownFileType = text.plist.xml; path = Info.plist; sourceTree = "<group>"; };
		C80FAE8D1D72376700C806C1 /* RocketCastUITests.xctest */ = {isa = PBXFileReference; explicitFileType = wrapper.cfbundle; includeInIndex = 0; path = RocketCastUITests.xctest; sourceTree = BUILT_PRODUCTS_DIR; };
		C80FAE911D72376700C806C1 /* RocketCastUITests.swift */ = {isa = PBXFileReference; lastKnownFileType = sourcecode.swift; path = RocketCastUITests.swift; sourceTree = "<group>"; };
		C80FAE931D72376700C806C1 /* Info.plist */ = {isa = PBXFileReference; lastKnownFileType = text.plist.xml; path = Info.plist; sourceTree = "<group>"; };
		C8D601A41D79380B003512FE /* CoreDataXMLParser.swift */ = {isa = PBXFileReference; fileEncoding = 4; lastKnownFileType = sourcecode.swift; path = CoreDataXMLParser.swift; sourceTree = "<group>"; };
		C8D601A61D793E05003512FE /* Log.swift */ = {isa = PBXFileReference; fileEncoding = 4; lastKnownFileType = sourcecode.swift; path = Log.swift; sourceTree = "<group>"; };
		D0075F521D93815A00DBAF58 /* Podcast+CoreDataProperties.swift */ = {isa = PBXFileReference; fileEncoding = 4; lastKnownFileType = sourcecode.swift; path = "Podcast+CoreDataProperties.swift"; sourceTree = "<group>"; };
		D0075F531D93815A00DBAF58 /* Podcast.swift */ = {isa = PBXFileReference; fileEncoding = 4; lastKnownFileType = sourcecode.swift; path = Podcast.swift; sourceTree = "<group>"; };
		D0075F541D93815A00DBAF58 /* Episode+CoreDataProperties.swift */ = {isa = PBXFileReference; fileEncoding = 4; lastKnownFileType = sourcecode.swift; path = "Episode+CoreDataProperties.swift"; sourceTree = "<group>"; };
		D0075F551D93815A00DBAF58 /* Episode.swift */ = {isa = PBXFileReference; fileEncoding = 4; lastKnownFileType = sourcecode.swift; path = Episode.swift; sourceTree = "<group>"; };
		D0075F5A1D938F2400DBAF58 /* DatabaseUtil.swift */ = {isa = PBXFileReference; fileEncoding = 4; lastKnownFileType = sourcecode.swift; path = DatabaseUtil.swift; sourceTree = "<group>"; };
		D0075F5E1D96F4E300DBAF58 /* CoreDataXMLParserTest.swift */ = {isa = PBXFileReference; fileEncoding = 4; lastKnownFileType = sourcecode.swift; path = CoreDataXMLParserTest.swift; sourceTree = "<group>"; };
		D007E3F51D8DDEE600070123 /* DefaultLibraryExtensions.swift */ = {isa = PBXFileReference; fileEncoding = 4; lastKnownFileType = sourcecode.swift; path = DefaultLibraryExtensions.swift; sourceTree = "<group>"; };
		D00D44831DD5672000D2CD9B /* ItuneWebController.swift */ = {isa = PBXFileReference; fileEncoding = 4; lastKnownFileType = sourcecode.swift; path = ItuneWebController.swift; sourceTree = "<group>"; };
		D00D44861DD5675100D2CD9B /* ItuneWebView.swift */ = {isa = PBXFileReference; fileEncoding = 4; lastKnownFileType = sourcecode.swift; path = ItuneWebView.swift; sourceTree = "<group>"; };
		D00D44881DD567AE00D2CD9B /* ItuneWebView.xib */ = {isa = PBXFileReference; fileEncoding = 4; lastKnownFileType = file.xib; path = ItuneWebView.xib; sourceTree = "<group>"; };
		D00D448A1DD567C800D2CD9B /* ItuneWebDelegate.swift */ = {isa = PBXFileReference; fileEncoding = 4; lastKnownFileType = sourcecode.swift; path = ItuneWebDelegate.swift; sourceTree = "<group>"; };
		D00D448C1DD567D900D2CD9B /* ItuneWebTableViewCell.swift */ = {isa = PBXFileReference; fileEncoding = 4; lastKnownFileType = sourcecode.swift; path = ItuneWebTableViewCell.swift; sourceTree = "<group>"; };
		D00D448E1DD567F500D2CD9B /* ItuneWebTableViewCell.xib */ = {isa = PBXFileReference; fileEncoding = 4; lastKnownFileType = file.xib; path = ItuneWebTableViewCell.xib; sourceTree = "<group>"; };
		D00D44901DD5B70F00D2CD9B /* PodcastFromAPI.swift */ = {isa = PBXFileReference; fileEncoding = 4; lastKnownFileType = sourcecode.swift; path = PodcastFromAPI.swift; sourceTree = "<group>"; };
		D03CB6ED1DC8680300819865 /* AudioEpisodeTracker.swift */ = {isa = PBXFileReference; fileEncoding = 4; lastKnownFileType = sourcecode.swift; path = AudioEpisodeTracker.swift; sourceTree = "<group>"; };
		D05CC4D11D791D2F009C4B19 /* ModelBridge.swift */ = {isa = PBXFileReference; fileEncoding = 4; lastKnownFileType = sourcecode.swift; path = ModelBridge.swift; sourceTree = "<group>"; };
		D05CC4D31D791F92009C4B19 /* DownloadBridge.swift */ = {isa = PBXFileReference; fileEncoding = 4; lastKnownFileType = sourcecode.swift; path = DownloadBridge.swift; sourceTree = "<group>"; };
		D08995871DC68FA500917580 /* PodcastViewUITest.swift */ = {isa = PBXFileReference; fileEncoding = 4; lastKnownFileType = sourcecode.swift; path = PodcastViewUITest.swift; sourceTree = "<group>"; };
		D08995891DC6FDEA00917580 /* Constants.swift */ = {isa = PBXFileReference; fileEncoding = 4; lastKnownFileType = sourcecode.swift; path = Constants.swift; sourceTree = "<group>"; };
		D095AAE61D86784700AD1FD8 /* testPodcastXMLWithNoEpisodes.xml */ = {isa = PBXFileReference; fileEncoding = 4; lastKnownFileType = text.xml; path = testPodcastXMLWithNoEpisodes.xml; sourceTree = "<group>"; };
		D095AAEB1D867E3900AD1FD8 /* testPodcastNoAuthorsForEpisodes.xml */ = {isa = PBXFileReference; fileEncoding = 4; lastKnownFileType = text.xml; path = testPodcastNoAuthorsForEpisodes.xml; sourceTree = "<group>"; };
		D095AAED1D878AC700AD1FD8 /* testNormalPodcastXML.swift */ = {isa = PBXFileReference; fileEncoding = 4; lastKnownFileType = sourcecode.swift; path = testNormalPodcastXML.swift; sourceTree = "<group>"; };
		D095AAEF1D8849FB00AD1FD8 /* testPodcastXMLWithNoEpisodes.swift */ = {isa = PBXFileReference; fileEncoding = 4; lastKnownFileType = sourcecode.swift; path = testPodcastXMLWithNoEpisodes.swift; sourceTree = "<group>"; };
		D095AAF11D884C6600AD1FD8 /* testPodcastNoAuthorsForEpisodes.swift */ = {isa = PBXFileReference; fileEncoding = 4; lastKnownFileType = sourcecode.swift; path = testPodcastNoAuthorsForEpisodes.swift; sourceTree = "<group>"; };
		D09AC5A41D77EA9900048C17 /* Constants.swift */ = {isa = PBXFileReference; fileEncoding = 4; lastKnownFileType = sourcecode.swift; path = Constants.swift; sourceTree = "<group>"; };
		D0B6914D1D85D7CC00C3366D /* testNormalPodcastXML.xml */ = {isa = PBXFileReference; fileEncoding = 4; lastKnownFileType = text.xml; name = testNormalPodcastXML.xml; path = ../RocketCast/testNormalPodcastXML.xml; sourceTree = "<group>"; };
		D3B50AAC1DC5669D00A67DBA /* AddUrlView.swift */ = {isa = PBXFileReference; fileEncoding = 4; lastKnownFileType = sourcecode.swift; path = AddUrlView.swift; sourceTree = "<group>"; };
		D3B50AAE1DC566D200A67DBA /* AddUrlView.xib */ = {isa = PBXFileReference; fileEncoding = 4; lastKnownFileType = file.xib; path = AddUrlView.xib; sourceTree = "<group>"; };
		D3B50AB01DC566FB00A67DBA /* AddUrlViewDelegate.swift */ = {isa = PBXFileReference; fileEncoding = 4; lastKnownFileType = sourcecode.swift; path = AddUrlViewDelegate.swift; sourceTree = "<group>"; };
		D3B50AB21DC5672500A67DBA /* AddUrlController.swift */ = {isa = PBXFileReference; fileEncoding = 4; lastKnownFileType = sourcecode.swift; path = AddUrlController.swift; sourceTree = "<group>"; };
/* End PBXFileReference section */

/* Begin PBXFrameworksBuildPhase section */
		C80FAE681D72376600C806C1 /* Frameworks */ = {
			isa = PBXFrameworksBuildPhase;
			buildActionMask = 2147483647;
			files = (
			);
			runOnlyForDeploymentPostprocessing = 0;
		};
		C80FAE7F1D72376600C806C1 /* Frameworks */ = {
			isa = PBXFrameworksBuildPhase;
			buildActionMask = 2147483647;
			files = (
			);
			runOnlyForDeploymentPostprocessing = 0;
		};
		C80FAE8A1D72376700C806C1 /* Frameworks */ = {
			isa = PBXFrameworksBuildPhase;
			buildActionMask = 2147483647;
			files = (
			);
			runOnlyForDeploymentPostprocessing = 0;
		};
/* End PBXFrameworksBuildPhase section */

/* Begin PBXGroup section */
		C80DA3191D77E1650089A678 /* Controller */ = {
			isa = PBXGroup;
			children = (
				C80DA3221D77E69E0089A678 /* EpisodeController.swift */,
				C80FAE701D72376600C806C1 /* PodcastController.swift */,
				C80DA3331D77E9280089A678 /* PlayerController.swift */,
				D3B50AB21DC5672500A67DBA /* AddUrlController.swift */,
				D00D44831DD5672000D2CD9B /* ItuneWebController.swift */,
			);
			name = Controller;
			sourceTree = "<group>";
		};
		C80DA31A1D77E1710089A678 /* View */ = {
			isa = PBXGroup;
			children = (
				D00D44851DD5672F00D2CD9B /* ItuneWebView */,
				D3B50AAB1DC5660F00A67DBA /* AddUrlView */,
				C80DA32C1D77E84B0089A678 /* PlayerView */,
				C80DA3251D77E6F40089A678 /* EpisodeView */,
				C80DA3241D77E6E50089A678 /* PodcastView */,
			);
			name = View;
			sourceTree = "<group>";
		};
		C80DA31B1D77E1760089A678 /* Model */ = {
			isa = PBXGroup;
			children = (
				D00D44901DD5B70F00D2CD9B /* PodcastFromAPI.swift */,
				D00F6C8E1DC8468C00C3B2A4 /* PodcastModel */,
				D00F6C8F1DC8469500C3B2A4 /* EpisodeModel */,
				D05CC4D11D791D2F009C4B19 /* ModelBridge.swift */,
				D03CB6ED1DC8680300819865 /* AudioEpisodeTracker.swift */,
				D05CC4D31D791F92009C4B19 /* DownloadBridge.swift */,
				C8D601A41D79380B003512FE /* CoreDataXMLParser.swift */,
				D007E3F51D8DDEE600070123 /* DefaultLibraryExtensions.swift */,
				D0075F5A1D938F2400DBAF58 /* DatabaseUtil.swift */,
			);
			name = Model;
			sourceTree = "<group>";
		};
		C80DA3241D77E6E50089A678 /* PodcastView */ = {
			isa = PBXGroup;
			children = (
				C80DA31C1D77E1AA0089A678 /* PodcastView.xib */,
				526AF93E1DD65B9A006EDC9D /* PodcastsTitleCollectionViewCell.swift */,
				526AF93F1DD65B9A006EDC9D /* PodcastsTitleCollectionViewCell.xib */,
				526AF93A1DD45C5D006EDC9D /* PodcastViewCollectionViewCell.swift */,
				526AF93B1DD45C5D006EDC9D /* PodcastViewCollectionViewCell.xib */,
				A797FF0A1D8DF42000D649EC /* PodcastViewTableViewCell.swift */,
				A797FF0B1D8DF42000D649EC /* PodcastViewTableViewCell.xib */,
				C80DA31E1D77E1C10089A678 /* PodcastView.swift */,
				C80DA3201D77E3300089A678 /* PodcastViewDelegate.swift */,
			);
			name = PodcastView;
			sourceTree = "<group>";
		};
		C80DA3251D77E6F40089A678 /* EpisodeView */ = {
			isa = PBXGroup;
			children = (
				5234C5091DD305CE006D1E0F /* EpisodeHeaderTableViewCell.swift */,
				5234C50A1DD305CE006D1E0F /* EpisodeHeaderTableViewCell.xib */,
				84C6031F1D972E5A009C73A7 /* EpisodeViewTableViewCell.xib */,
				C80DA3261D77E70B0089A678 /* EpisodeView.xib */,
				C80DA3281D77E7240089A678 /* EpisodeView.swift */,
				C80DA32A1D77E7AE0089A678 /* EpisodeViewDelegate.swift */,
				84C603211D972E9E009C73A7 /* EpisodeViewTableViewCell.swift */,
			);
			name = EpisodeView;
			sourceTree = "<group>";
		};
		C80DA32C1D77E84B0089A678 /* PlayerView */ = {
			isa = PBXGroup;
			children = (
				C80DA32D1D77E86C0089A678 /* PlayerViewDelegate.swift */,
				C80DA32F1D77E88E0089A678 /* PlayerView.swift */,
				C80DA3311D77E8E90089A678 /* PlayerView.xib */,
			);
			name = PlayerView;
			sourceTree = "<group>";
		};
		C80FAE621D72376600C806C1 = {
			isa = PBXGroup;
			children = (
				C80FAE6D1D72376600C806C1 /* RocketCast */,
				C80FAE851D72376700C806C1 /* RocketCastTests */,
				C80FAE901D72376700C806C1 /* RocketCastUITests */,
				C80FAE6C1D72376600C806C1 /* Products */,
			);
			sourceTree = "<group>";
		};
		C80FAE6C1D72376600C806C1 /* Products */ = {
			isa = PBXGroup;
			children = (
				C80FAE6B1D72376600C806C1 /* RocketCast.app */,
				C80FAE821D72376600C806C1 /* RocketCastTests.xctest */,
				C80FAE8D1D72376700C806C1 /* RocketCastUITests.xctest */,
			);
			name = Products;
			sourceTree = "<group>";
		};
		C80FAE6D1D72376600C806C1 /* RocketCast */ = {
			isa = PBXGroup;
			children = (
				C80DA31B1D77E1760089A678 /* Model */,
				C80DA31A1D77E1710089A678 /* View */,
				C80DA3191D77E1650089A678 /* Controller */,
				C80FAE6E1D72376600C806C1 /* AppDelegate.swift */,
				D09AC5A41D77EA9900048C17 /* Constants.swift */,
				C8D601A61D793E05003512FE /* Log.swift */,
				C80FAE721D72376600C806C1 /* Main.storyboard */,
				C80FAE781D72376600C806C1 /* Assets.xcassets */,
				C80FAE7A1D72376600C806C1 /* LaunchScreen.storyboard */,
				C80FAE7D1D72376600C806C1 /* Info.plist */,
				C80FAE751D72376600C806C1 /* RocketCast.xcdatamodeld */,
			);
			path = RocketCast;
			sourceTree = "<group>";
		};
		C80FAE851D72376700C806C1 /* RocketCastTests */ = {
			isa = PBXGroup;
			children = (
				D095AAE31D86766300AD1FD8 /* testxmlfiles */,
				C80FAE861D72376700C806C1 /* RocketCastTests.swift */,
				5246CF081D84A6FF00ABF027 /* DownloadTests.swift */,
				C80FAE881D72376700C806C1 /* Info.plist */,
				D0075F5E1D96F4E300DBAF58 /* CoreDataXMLParserTest.swift */,
			);
			path = RocketCastTests;
			sourceTree = "<group>";
		};
		C80FAE901D72376700C806C1 /* RocketCastUITests */ = {
			isa = PBXGroup;
			children = (
				C80FAE911D72376700C806C1 /* RocketCastUITests.swift */,
				527876261DB2DC790001EDFB /* PlayerUITests.swift */,
				84C603231D9735F1009C73A7 /* EpisodeViewUITest.swift */,
				C80FAE931D72376700C806C1 /* Info.plist */,
				D08995871DC68FA500917580 /* PodcastViewUITest.swift */,
				D08995891DC6FDEA00917580 /* Constants.swift */,
			);
			path = RocketCastUITests;
			sourceTree = "<group>";
		};
		D00D44851DD5672F00D2CD9B /* ItuneWebView */ = {
			isa = PBXGroup;
			children = (
				D00D44861DD5675100D2CD9B /* ItuneWebView.swift */,
				D00D44881DD567AE00D2CD9B /* ItuneWebView.xib */,
				D00D448A1DD567C800D2CD9B /* ItuneWebDelegate.swift */,
				D00D448C1DD567D900D2CD9B /* ItuneWebTableViewCell.swift */,
				D00D448E1DD567F500D2CD9B /* ItuneWebTableViewCell.xib */,
			);
			name = ItuneWebView;
			sourceTree = "<group>";
		};
		D00F6C8E1DC8468C00C3B2A4 /* PodcastModel */ = {
			isa = PBXGroup;
			children = (
				D0075F521D93815A00DBAF58 /* Podcast+CoreDataProperties.swift */,
				D0075F531D93815A00DBAF58 /* Podcast.swift */,
			);
			name = PodcastModel;
			sourceTree = "<group>";
		};
		D00F6C8F1DC8469500C3B2A4 /* EpisodeModel */ = {
			isa = PBXGroup;
			children = (
				D0075F541D93815A00DBAF58 /* Episode+CoreDataProperties.swift */,
				D0075F551D93815A00DBAF58 /* Episode.swift */,
			);
			name = EpisodeModel;
			sourceTree = "<group>";
		};
		D095AAE31D86766300AD1FD8 /* testxmlfiles */ = {
			isa = PBXGroup;
			children = (
				D095AAF61D884F6500AD1FD8 /* testPodcastNoAuthorsForEpisodes */,
				D095AAF51D884F5600AD1FD8 /* testPodcastXMLWithNoEpisodes */,
				D095AAF41D884F3A00AD1FD8 /* testNormalPodcastXML */,
			);
			name = testxmlfiles;
			sourceTree = "<group>";
		};
		D095AAF41D884F3A00AD1FD8 /* testNormalPodcastXML */ = {
			isa = PBXGroup;
			children = (
				D095AAED1D878AC700AD1FD8 /* testNormalPodcastXML.swift */,
				D0B6914D1D85D7CC00C3366D /* testNormalPodcastXML.xml */,
			);
			name = testNormalPodcastXML;
			sourceTree = "<group>";
		};
		D095AAF51D884F5600AD1FD8 /* testPodcastXMLWithNoEpisodes */ = {
			isa = PBXGroup;
			children = (
				D095AAEF1D8849FB00AD1FD8 /* testPodcastXMLWithNoEpisodes.swift */,
				D095AAE61D86784700AD1FD8 /* testPodcastXMLWithNoEpisodes.xml */,
			);
			name = testPodcastXMLWithNoEpisodes;
			sourceTree = "<group>";
		};
		D095AAF61D884F6500AD1FD8 /* testPodcastNoAuthorsForEpisodes */ = {
			isa = PBXGroup;
			children = (
				D095AAF11D884C6600AD1FD8 /* testPodcastNoAuthorsForEpisodes.swift */,
				D095AAEB1D867E3900AD1FD8 /* testPodcastNoAuthorsForEpisodes.xml */,
			);
			name = testPodcastNoAuthorsForEpisodes;
			sourceTree = "<group>";
		};
		D3B50AAB1DC5660F00A67DBA /* AddUrlView */ = {
			isa = PBXGroup;
			children = (
				D3B50AAC1DC5669D00A67DBA /* AddUrlView.swift */,
				D3B50AAE1DC566D200A67DBA /* AddUrlView.xib */,
				D3B50AB01DC566FB00A67DBA /* AddUrlViewDelegate.swift */,
			);
			name = AddUrlView;
			sourceTree = "<group>";
		};
/* End PBXGroup section */

/* Begin PBXNativeTarget section */
		C80FAE6A1D72376600C806C1 /* RocketCast */ = {
			isa = PBXNativeTarget;
			buildConfigurationList = C80FAE961D72376700C806C1 /* Build configuration list for PBXNativeTarget "RocketCast" */;
			buildPhases = (
				C80FAE671D72376600C806C1 /* Sources */,
				C80FAE681D72376600C806C1 /* Frameworks */,
				C80FAE691D72376600C806C1 /* Resources */,
			);
			buildRules = (
			);
			dependencies = (
			);
			name = RocketCast;
			productName = RocketCast;
			productReference = C80FAE6B1D72376600C806C1 /* RocketCast.app */;
			productType = "com.apple.product-type.application";
		};
		C80FAE811D72376600C806C1 /* RocketCastTests */ = {
			isa = PBXNativeTarget;
			buildConfigurationList = C80FAE991D72376700C806C1 /* Build configuration list for PBXNativeTarget "RocketCastTests" */;
			buildPhases = (
				C80FAE7E1D72376600C806C1 /* Sources */,
				C80FAE7F1D72376600C806C1 /* Frameworks */,
				C80FAE801D72376600C806C1 /* Resources */,
			);
			buildRules = (
			);
			dependencies = (
				C80FAE841D72376700C806C1 /* PBXTargetDependency */,
			);
			name = RocketCastTests;
			productName = RocketCastTests;
			productReference = C80FAE821D72376600C806C1 /* RocketCastTests.xctest */;
			productType = "com.apple.product-type.bundle.unit-test";
		};
		C80FAE8C1D72376700C806C1 /* RocketCastUITests */ = {
			isa = PBXNativeTarget;
			buildConfigurationList = C80FAE9C1D72376700C806C1 /* Build configuration list for PBXNativeTarget "RocketCastUITests" */;
			buildPhases = (
				C80FAE891D72376700C806C1 /* Sources */,
				C80FAE8A1D72376700C806C1 /* Frameworks */,
				C80FAE8B1D72376700C806C1 /* Resources */,
			);
			buildRules = (
			);
			dependencies = (
				C80FAE8F1D72376700C806C1 /* PBXTargetDependency */,
			);
			name = RocketCastUITests;
			productName = RocketCastUITests;
			productReference = C80FAE8D1D72376700C806C1 /* RocketCastUITests.xctest */;
			productType = "com.apple.product-type.bundle.ui-testing";
		};
/* End PBXNativeTarget section */

/* Begin PBXProject section */
		C80FAE631D72376600C806C1 /* Project object */ = {
			isa = PBXProject;
			attributes = {
				LastSwiftUpdateCheck = 0730;
				LastUpgradeCheck = 0730;
				ORGANIZATIONNAME = UBCLaunchPad;
				TargetAttributes = {
					C80FAE6A1D72376600C806C1 = {
						CreatedOnToolsVersion = 7.3.1;
						DevelopmentTeam = AX2D84BZ47;
						LastSwiftMigration = 0810;
						SystemCapabilities = {
							com.apple.BackgroundModes = {
								enabled = 1;
							};
						};
					};
					C80FAE811D72376600C806C1 = {
						CreatedOnToolsVersion = 7.3.1;
						LastSwiftMigration = 0800;
						TestTargetID = C80FAE6A1D72376600C806C1;
					};
					C80FAE8C1D72376700C806C1 = {
						CreatedOnToolsVersion = 7.3.1;
						LastSwiftMigration = 0800;
						TestTargetID = C80FAE6A1D72376600C806C1;
					};
				};
			};
			buildConfigurationList = C80FAE661D72376600C806C1 /* Build configuration list for PBXProject "RocketCast" */;
			compatibilityVersion = "Xcode 3.2";
			developmentRegion = English;
			hasScannedForEncodings = 0;
			knownRegions = (
				en,
				Base,
			);
			mainGroup = C80FAE621D72376600C806C1;
			productRefGroup = C80FAE6C1D72376600C806C1 /* Products */;
			projectDirPath = "";
			projectRoot = "";
			targets = (
				C80FAE6A1D72376600C806C1 /* RocketCast */,
				C80FAE811D72376600C806C1 /* RocketCastTests */,
				C80FAE8C1D72376700C806C1 /* RocketCastUITests */,
			);
		};
/* End PBXProject section */

/* Begin PBXResourcesBuildPhase section */
		C80FAE691D72376600C806C1 /* Resources */ = {
			isa = PBXResourcesBuildPhase;
			buildActionMask = 2147483647;
			files = (
				D095AAF31D884EE600AD1FD8 /* testPodcastNoAuthorsForEpisodes.xml in Resources */,
				D095AAE81D86797900AD1FD8 /* testPodcastXMLWithNoEpisodes.xml in Resources */,
				526AF93D1DD45C5D006EDC9D /* PodcastViewCollectionViewCell.xib in Resources */,
				C80FAE7C1D72376600C806C1 /* LaunchScreen.storyboard in Resources */,
				D0B6914E1D85D7CC00C3366D /* testNormalPodcastXML.xml in Resources */,
				84C603201D972E5A009C73A7 /* EpisodeViewTableViewCell.xib in Resources */,
				C80DA31D1D77E1AA0089A678 /* PodcastView.xib in Resources */,
				526AF9411DD65B9A006EDC9D /* PodcastsTitleCollectionViewCell.xib in Resources */,
				A797FF0D1D8DF42000D649EC /* PodcastViewTableViewCell.xib in Resources */,
				D00D44891DD567AE00D2CD9B /* ItuneWebView.xib in Resources */,
				C80FAE791D72376600C806C1 /* Assets.xcassets in Resources */,
				C80DA3271D77E70B0089A678 /* EpisodeView.xib in Resources */,
				C80FAE741D72376600C806C1 /* Main.storyboard in Resources */,
				D3B50AAF1DC566D200A67DBA /* AddUrlView.xib in Resources */,
				5234C50C1DD305CE006D1E0F /* EpisodeHeaderTableViewCell.xib in Resources */,
				D00D448F1DD567F500D2CD9B /* ItuneWebTableViewCell.xib in Resources */,
				C80DA3321D77E8E90089A678 /* PlayerView.xib in Resources */,
			);
			runOnlyForDeploymentPostprocessing = 0;
		};
		C80FAE801D72376600C806C1 /* Resources */ = {
			isa = PBXResourcesBuildPhase;
			buildActionMask = 2147483647;
			files = (
				D095AAE71D86784700AD1FD8 /* testPodcastXMLWithNoEpisodes.xml in Resources */,
				D095AAEC1D867E3900AD1FD8 /* testPodcastNoAuthorsForEpisodes.xml in Resources */,
			);
			runOnlyForDeploymentPostprocessing = 0;
		};
		C80FAE8B1D72376700C806C1 /* Resources */ = {
			isa = PBXResourcesBuildPhase;
			buildActionMask = 2147483647;
			files = (
			);
			runOnlyForDeploymentPostprocessing = 0;
		};
/* End PBXResourcesBuildPhase section */

/* Begin PBXSourcesBuildPhase section */
		C80FAE671D72376600C806C1 /* Sources */ = {
			isa = PBXSourcesBuildPhase;
			buildActionMask = 2147483647;
			files = (
				D0075F581D93815A00DBAF58 /* Episode+CoreDataProperties.swift in Sources */,
				C80DA32E1D77E86C0089A678 /* PlayerViewDelegate.swift in Sources */,
				526AF9401DD65B9A006EDC9D /* PodcastsTitleCollectionViewCell.swift in Sources */,
				C80FAE771D72376600C806C1 /* RocketCast.xcdatamodeld in Sources */,
				C80DA3211D77E3300089A678 /* PodcastViewDelegate.swift in Sources */,
				A797FF0C1D8DF42000D649EC /* PodcastViewTableViewCell.swift in Sources */,
				C80DA3301D77E88E0089A678 /* PlayerView.swift in Sources */,
				D00D44841DD5672000D2CD9B /* ItuneWebController.swift in Sources */,
				D0075F561D93815A00DBAF58 /* Podcast+CoreDataProperties.swift in Sources */,
				D05CC4D41D791F92009C4B19 /* DownloadBridge.swift in Sources */,
				526AF93C1DD45C5D006EDC9D /* PodcastViewCollectionViewCell.swift in Sources */,
				C80DA31F1D77E1C10089A678 /* PodcastView.swift in Sources */,
				D0075F571D93815A00DBAF58 /* Podcast.swift in Sources */,
				D00D448D1DD567D900D2CD9B /* ItuneWebTableViewCell.swift in Sources */,
				D3B50AB31DC5672500A67DBA /* AddUrlController.swift in Sources */,
				C80DA32B1D77E7AE0089A678 /* EpisodeViewDelegate.swift in Sources */,
				D3B50AB11DC566FB00A67DBA /* AddUrlViewDelegate.swift in Sources */,
				84C603221D972E9E009C73A7 /* EpisodeViewTableViewCell.swift in Sources */,
				D00D448B1DD567C800D2CD9B /* ItuneWebDelegate.swift in Sources */,
				D00D44871DD5675100D2CD9B /* ItuneWebView.swift in Sources */,
				D05CC4D21D791D2F009C4B19 /* ModelBridge.swift in Sources */,
				C8D601A71D793E05003512FE /* Log.swift in Sources */,
				C8D601A51D79380B003512FE /* CoreDataXMLParser.swift in Sources */,
				D0075F591D93815A00DBAF58 /* Episode.swift in Sources */,
				C80DA3231D77E69E0089A678 /* EpisodeController.swift in Sources */,
				5234C50B1DD305CE006D1E0F /* EpisodeHeaderTableViewCell.swift in Sources */,
				C80FAE711D72376600C806C1 /* PodcastController.swift in Sources */,
				D0075F5B1D938F2400DBAF58 /* DatabaseUtil.swift in Sources */,
				C80DA3291D77E7240089A678 /* EpisodeView.swift in Sources */,
				D007E3F61D8DDEE600070123 /* DefaultLibraryExtensions.swift in Sources */,
				C80DA3341D77E9280089A678 /* PlayerController.swift in Sources */,
				C80FAE6F1D72376600C806C1 /* AppDelegate.swift in Sources */,
				D03CB6EF1DC8680300819865 /* AudioEpisodeTracker.swift in Sources */,
				D09AC5A51D77EA9900048C17 /* Constants.swift in Sources */,
				D3B50AAD1DC5669D00A67DBA /* AddUrlView.swift in Sources */,
				D00D44911DD5B70F00D2CD9B /* PodcastFromAPI.swift in Sources */,
			);
			runOnlyForDeploymentPostprocessing = 0;
		};
		C80FAE7E1D72376600C806C1 /* Sources */ = {
			isa = PBXSourcesBuildPhase;
			buildActionMask = 2147483647;
			files = (
				D095AAF21D884C6600AD1FD8 /* testPodcastNoAuthorsForEpisodes.swift in Sources */,
				D095AAF01D8849FB00AD1FD8 /* testPodcastXMLWithNoEpisodes.swift in Sources */,
				D095AAEE1D878AC700AD1FD8 /* testNormalPodcastXML.swift in Sources */,
				D0075F5F1D96F4E300DBAF58 /* CoreDataXMLParserTest.swift in Sources */,
				C80FAE871D72376700C806C1 /* RocketCastTests.swift in Sources */,
				5246CF091D84A6FF00ABF027 /* DownloadTests.swift in Sources */,
			);
			runOnlyForDeploymentPostprocessing = 0;
		};
		C80FAE891D72376700C806C1 /* Sources */ = {
			isa = PBXSourcesBuildPhase;
			buildActionMask = 2147483647;
			files = (
				84C603241D9735F1009C73A7 /* EpisodeViewUITest.swift in Sources */,
				D08995881DC68FA500917580 /* PodcastViewUITest.swift in Sources */,
				D089958A1DC6FDEA00917580 /* Constants.swift in Sources */,
				C80FAE921D72376700C806C1 /* RocketCastUITests.swift in Sources */,
				527876271DB2DC790001EDFB /* PlayerUITests.swift in Sources */,
			);
			runOnlyForDeploymentPostprocessing = 0;
		};
/* End PBXSourcesBuildPhase section */

/* Begin PBXTargetDependency section */
		C80FAE841D72376700C806C1 /* PBXTargetDependency */ = {
			isa = PBXTargetDependency;
			target = C80FAE6A1D72376600C806C1 /* RocketCast */;
			targetProxy = C80FAE831D72376700C806C1 /* PBXContainerItemProxy */;
		};
		C80FAE8F1D72376700C806C1 /* PBXTargetDependency */ = {
			isa = PBXTargetDependency;
			target = C80FAE6A1D72376600C806C1 /* RocketCast */;
			targetProxy = C80FAE8E1D72376700C806C1 /* PBXContainerItemProxy */;
		};
/* End PBXTargetDependency section */

/* Begin PBXVariantGroup section */
		C80FAE721D72376600C806C1 /* Main.storyboard */ = {
			isa = PBXVariantGroup;
			children = (
				C80FAE731D72376600C806C1 /* Base */,
			);
			name = Main.storyboard;
			sourceTree = "<group>";
		};
		C80FAE7A1D72376600C806C1 /* LaunchScreen.storyboard */ = {
			isa = PBXVariantGroup;
			children = (
				C80FAE7B1D72376600C806C1 /* Base */,
			);
			name = LaunchScreen.storyboard;
			sourceTree = "<group>";
		};
/* End PBXVariantGroup section */

/* Begin XCBuildConfiguration section */
		C80FAE941D72376700C806C1 /* Debug */ = {
			isa = XCBuildConfiguration;
			buildSettings = {
				ALWAYS_SEARCH_USER_PATHS = NO;
				CLANG_ANALYZER_NONNULL = YES;
				CLANG_CXX_LANGUAGE_STANDARD = "gnu++0x";
				CLANG_CXX_LIBRARY = "libc++";
				CLANG_ENABLE_MODULES = YES;
				CLANG_ENABLE_OBJC_ARC = YES;
				CLANG_WARN_BOOL_CONVERSION = YES;
				CLANG_WARN_CONSTANT_CONVERSION = YES;
				CLANG_WARN_DIRECT_OBJC_ISA_USAGE = YES_ERROR;
				CLANG_WARN_EMPTY_BODY = YES;
				CLANG_WARN_ENUM_CONVERSION = YES;
				CLANG_WARN_INT_CONVERSION = YES;
				CLANG_WARN_OBJC_ROOT_CLASS = YES_ERROR;
				CLANG_WARN_UNREACHABLE_CODE = YES;
				CLANG_WARN__DUPLICATE_METHOD_MATCH = YES;
				"CODE_SIGN_IDENTITY[sdk=iphoneos*]" = "iPhone Developer";
				COPY_PHASE_STRIP = NO;
				DEBUG_INFORMATION_FORMAT = dwarf;
				ENABLE_STRICT_OBJC_MSGSEND = YES;
				ENABLE_TESTABILITY = YES;
				GCC_C_LANGUAGE_STANDARD = gnu99;
				GCC_DYNAMIC_NO_PIC = NO;
				GCC_NO_COMMON_BLOCKS = YES;
				GCC_OPTIMIZATION_LEVEL = 0;
				GCC_PREPROCESSOR_DEFINITIONS = (
					"DEBUG=1",
					"$(inherited)",
				);
				GCC_WARN_64_TO_32_BIT_CONVERSION = YES;
				GCC_WARN_ABOUT_RETURN_TYPE = YES_ERROR;
				GCC_WARN_UNDECLARED_SELECTOR = YES;
				GCC_WARN_UNINITIALIZED_AUTOS = YES_AGGRESSIVE;
				GCC_WARN_UNUSED_FUNCTION = YES;
				GCC_WARN_UNUSED_VARIABLE = YES;
				IPHONEOS_DEPLOYMENT_TARGET = 10.0;
				MTL_ENABLE_DEBUG_INFO = YES;
				ONLY_ACTIVE_ARCH = YES;
				SDKROOT = iphoneos;
				SWIFT_OPTIMIZATION_LEVEL = "-Onone";
			};
			name = Debug;
		};
		C80FAE951D72376700C806C1 /* Release */ = {
			isa = XCBuildConfiguration;
			buildSettings = {
				ALWAYS_SEARCH_USER_PATHS = NO;
				CLANG_ANALYZER_NONNULL = YES;
				CLANG_CXX_LANGUAGE_STANDARD = "gnu++0x";
				CLANG_CXX_LIBRARY = "libc++";
				CLANG_ENABLE_MODULES = YES;
				CLANG_ENABLE_OBJC_ARC = YES;
				CLANG_WARN_BOOL_CONVERSION = YES;
				CLANG_WARN_CONSTANT_CONVERSION = YES;
				CLANG_WARN_DIRECT_OBJC_ISA_USAGE = YES_ERROR;
				CLANG_WARN_EMPTY_BODY = YES;
				CLANG_WARN_ENUM_CONVERSION = YES;
				CLANG_WARN_INT_CONVERSION = YES;
				CLANG_WARN_OBJC_ROOT_CLASS = YES_ERROR;
				CLANG_WARN_UNREACHABLE_CODE = YES;
				CLANG_WARN__DUPLICATE_METHOD_MATCH = YES;
				"CODE_SIGN_IDENTITY[sdk=iphoneos*]" = "iPhone Developer";
				COPY_PHASE_STRIP = NO;
				DEBUG_INFORMATION_FORMAT = "dwarf-with-dsym";
				ENABLE_NS_ASSERTIONS = NO;
				ENABLE_STRICT_OBJC_MSGSEND = YES;
				GCC_C_LANGUAGE_STANDARD = gnu99;
				GCC_NO_COMMON_BLOCKS = YES;
				GCC_WARN_64_TO_32_BIT_CONVERSION = YES;
				GCC_WARN_ABOUT_RETURN_TYPE = YES_ERROR;
				GCC_WARN_UNDECLARED_SELECTOR = YES;
				GCC_WARN_UNINITIALIZED_AUTOS = YES_AGGRESSIVE;
				GCC_WARN_UNUSED_FUNCTION = YES;
				GCC_WARN_UNUSED_VARIABLE = YES;
				IPHONEOS_DEPLOYMENT_TARGET = 10.0;
				MTL_ENABLE_DEBUG_INFO = NO;
				SDKROOT = iphoneos;
				VALIDATE_PRODUCT = YES;
			};
			name = Release;
		};
		C80FAE971D72376700C806C1 /* Debug */ = {
			isa = XCBuildConfiguration;
			buildSettings = {
				ASSETCATALOG_COMPILER_APPICON_NAME = AppIcon;
				ASSETCATALOG_COMPILER_LAUNCHIMAGE_NAME = LaunchImage;
				CLANG_ENABLE_MODULES = YES;
				CODE_SIGN_IDENTITY = "iPhone Developer";
				DEVELOPMENT_TEAM = AX2D84BZ47;
				INFOPLIST_FILE = RocketCast/Info.plist;
				IPHONEOS_DEPLOYMENT_TARGET = 10.0;
				LD_RUNPATH_SEARCH_PATHS = "$(inherited) @executable_path/Frameworks";
				PRODUCT_BUNDLE_IDENTIFIER = rocketCast;
				PRODUCT_NAME = "$(TARGET_NAME)";
				SWIFT_OPTIMIZATION_LEVEL = "-Onone";
				SWIFT_VERSION = 3.0;
				TARGETED_DEVICE_FAMILY = 1;
			};
			name = Debug;
		};
		C80FAE981D72376700C806C1 /* Release */ = {
			isa = XCBuildConfiguration;
			buildSettings = {
				ASSETCATALOG_COMPILER_APPICON_NAME = AppIcon;
				ASSETCATALOG_COMPILER_LAUNCHIMAGE_NAME = LaunchImage;
				CLANG_ENABLE_MODULES = YES;
				CODE_SIGN_IDENTITY = "iPhone Developer";
				DEVELOPMENT_TEAM = AX2D84BZ47;
				INFOPLIST_FILE = RocketCast/Info.plist;
				IPHONEOS_DEPLOYMENT_TARGET = 10.0;
				LD_RUNPATH_SEARCH_PATHS = "$(inherited) @executable_path/Frameworks";
				PRODUCT_BUNDLE_IDENTIFIER = rocketCast;
				PRODUCT_NAME = "$(TARGET_NAME)";
				SWIFT_VERSION = 3.0;
				TARGETED_DEVICE_FAMILY = 1;
			};
			name = Release;
		};
		C80FAE9A1D72376700C806C1 /* Debug */ = {
			isa = XCBuildConfiguration;
			buildSettings = {
				BUNDLE_LOADER = "$(TEST_HOST)";
				INFOPLIST_FILE = RocketCastTests/Info.plist;
				LD_RUNPATH_SEARCH_PATHS = "$(inherited) @executable_path/Frameworks @loader_path/Frameworks";
				PRODUCT_BUNDLE_IDENTIFIER = com.ubclaunchpad.RocketCastTests;
				PRODUCT_NAME = "$(TARGET_NAME)";
				SWIFT_VERSION = 3.0;
				TEST_HOST = "$(BUILT_PRODUCTS_DIR)/RocketCast.app/RocketCast";
			};
			name = Debug;
		};
		C80FAE9B1D72376700C806C1 /* Release */ = {
			isa = XCBuildConfiguration;
			buildSettings = {
				BUNDLE_LOADER = "$(TEST_HOST)";
				INFOPLIST_FILE = RocketCastTests/Info.plist;
				LD_RUNPATH_SEARCH_PATHS = "$(inherited) @executable_path/Frameworks @loader_path/Frameworks";
				PRODUCT_BUNDLE_IDENTIFIER = com.ubclaunchpad.RocketCastTests;
				PRODUCT_NAME = "$(TARGET_NAME)";
				SWIFT_VERSION = 3.0;
				TEST_HOST = "$(BUILT_PRODUCTS_DIR)/RocketCast.app/RocketCast";
			};
			name = Release;
		};
		C80FAE9D1D72376700C806C1 /* Debug */ = {
			isa = XCBuildConfiguration;
			buildSettings = {
				INFOPLIST_FILE = RocketCastUITests/Info.plist;
				LD_RUNPATH_SEARCH_PATHS = "$(inherited) @executable_path/Frameworks @loader_path/Frameworks";
				PRODUCT_BUNDLE_IDENTIFIER = com.ubclaunchpad.RocketCastUITests;
				PRODUCT_NAME = "$(TARGET_NAME)";
				SWIFT_VERSION = 3.0;
				TEST_TARGET_NAME = RocketCast;
			};
			name = Debug;
		};
		C80FAE9E1D72376700C806C1 /* Release */ = {
			isa = XCBuildConfiguration;
			buildSettings = {
				INFOPLIST_FILE = RocketCastUITests/Info.plist;
				LD_RUNPATH_SEARCH_PATHS = "$(inherited) @executable_path/Frameworks @loader_path/Frameworks";
				PRODUCT_BUNDLE_IDENTIFIER = com.ubclaunchpad.RocketCastUITests;
				PRODUCT_NAME = "$(TARGET_NAME)";
				SWIFT_VERSION = 3.0;
				TEST_TARGET_NAME = RocketCast;
			};
			name = Release;
		};
/* End XCBuildConfiguration section */

/* Begin XCConfigurationList section */
		C80FAE661D72376600C806C1 /* Build configuration list for PBXProject "RocketCast" */ = {
			isa = XCConfigurationList;
			buildConfigurations = (
				C80FAE941D72376700C806C1 /* Debug */,
				C80FAE951D72376700C806C1 /* Release */,
			);
			defaultConfigurationIsVisible = 0;
			defaultConfigurationName = Release;
		};
		C80FAE961D72376700C806C1 /* Build configuration list for PBXNativeTarget "RocketCast" */ = {
			isa = XCConfigurationList;
			buildConfigurations = (
				C80FAE971D72376700C806C1 /* Debug */,
				C80FAE981D72376700C806C1 /* Release */,
			);
			defaultConfigurationIsVisible = 0;
			defaultConfigurationName = Release;
		};
		C80FAE991D72376700C806C1 /* Build configuration list for PBXNativeTarget "RocketCastTests" */ = {
			isa = XCConfigurationList;
			buildConfigurations = (
				C80FAE9A1D72376700C806C1 /* Debug */,
				C80FAE9B1D72376700C806C1 /* Release */,
			);
			defaultConfigurationIsVisible = 0;
			defaultConfigurationName = Release;
		};
		C80FAE9C1D72376700C806C1 /* Build configuration list for PBXNativeTarget "RocketCastUITests" */ = {
			isa = XCConfigurationList;
			buildConfigurations = (
				C80FAE9D1D72376700C806C1 /* Debug */,
				C80FAE9E1D72376700C806C1 /* Release */,
			);
			defaultConfigurationIsVisible = 0;
			defaultConfigurationName = Release;
		};
/* End XCConfigurationList section */

/* Begin XCVersionGroup section */
		C80FAE751D72376600C806C1 /* RocketCast.xcdatamodeld */ = {
			isa = XCVersionGroup;
			children = (
				C80FAE761D72376600C806C1 /* RocketCast.xcdatamodel */,
			);
			currentVersion = C80FAE761D72376600C806C1 /* RocketCast.xcdatamodel */;
			path = RocketCast.xcdatamodeld;
			sourceTree = "<group>";
			versionGroupType = wrapper.xcdatamodel;
		};
/* End XCVersionGroup section */
	};
	rootObject = C80FAE631D72376600C806C1 /* Project object */;
}
